
Microsoft Visual Studio Solution File, Format Version 12.00
# Visual Studio Version 16
VisualStudioVersion = 16.0.30225.117
MinimumVisualStudioVersion = 10.0.40219.1
Project("{FAE04EC0-301F-11D3-BF4B-00C04F79EFBC}") = "ExamenUnidad2", "ExamenUnidad2.csproj", "{3675D462-F852-48EC-A1C7-8FAAE399A850}"
EndProject
Global
	GlobalSection(SolutionConfigurationPlatforms) = preSolution
		Debug|Any CPU = Debug|Any CPU
		Release|Any CPU = Release|Any CPU
	EndGlobalSection
	GlobalSection(ProjectConfigurationPlatforms) = postSolution
		{3675D462-F852-48EC-A1C7-8FAAE399A850}.Debug|Any CPU.ActiveCfg = Debug|Any CPU
		{3675D462-F852-48EC-A1C7-8FAAE399A850}.Debug|Any CPU.Build.0 = Debug|Any CPU
		{3675D462-F852-48EC-A1C7-8FAAE399A850}.Release|Any CPU.ActiveCfg = Release|Any CPU
		{3675D462-F852-48EC-A1C7-8FAAE399A850}.Release|Any CPU.Build.0 = Release|Any CPU
	EndGlobalSection
	GlobalSection(SolutionProperties) = preSolution
		HideSolutionNode = FALSE
	EndGlobalSection
	GlobalSection(ExtensibilityGlobals) = postSolution
		SolutionGuid = {972EDD86-A556-4993-88F6-5107F581EDD2}
	EndGlobalSection
EndGlobal
